
Microsoft Visual Studio Solution File, Format Version 12.00
# Visual Studio Version 17
VisualStudioVersion = 17.11.34909.67
MinimumVisualStudioVersion = 10.0.40219.1
Project("{FAE04EC0-301F-11D3-BF4B-00C04F79EFBC}") = "WorkerService2", "WorkerService2\WorkerService2.csproj", "{17CBD004-B3EA-424E-A049-37567286731E}"
EndProject
Global
	GlobalSection(SolutionConfigurationPlatforms) = preSolution
		Debug|Any CPU = Debug|Any CPU
		Release|Any CPU = Release|Any CPU
	EndGlobalSection
	GlobalSection(ProjectConfigurationPlatforms) = postSolution
		{17CBD004-B3EA-424E-A049-37567286731E}.Debug|Any CPU.ActiveCfg = Debug|Any CPU
		{17CBD004-B3EA-424E-A049-37567286731E}.Debug|Any CPU.Build.0 = Debug|Any CPU
		{17CBD004-B3EA-424E-A049-37567286731E}.Release|Any CPU.ActiveCfg = Release|Any CPU
		{17CBD004-B3EA-424E-A049-37567286731E}.Release|Any CPU.Build.0 = Release|Any CPU
	EndGlobalSection
	GlobalSection(SolutionProperties) = preSolution
		HideSolutionNode = FALSE
	EndGlobalSection
	GlobalSection(ExtensibilityGlobals) = postSolution
		SolutionGuid = {8330A362-9661-4DCC-A19C-0665D7A8BB6F}
	EndGlobalSection
EndGlobal
